
Microsoft Visual Studio Solution File, Format Version 12.00
# Visual Studio Version 16
VisualStudioVersion = 16.0.32413.511
MinimumVisualStudioVersion = 10.0.40219.1
Project("{FAE04EC0-301F-11D3-BF4B-00C04F79EFBC}") = "bank isi", "bank isi\bank isi.csproj", "{6E3244F6-2FB7-4240-BAC0-55FA8E133059}"
EndProject
Global
	GlobalSection(SolutionConfigurationPlatforms) = preSolution
		Debug|Any CPU = Debug|Any CPU
		Release|Any CPU = Release|Any CPU
	EndGlobalSection
	GlobalSection(ProjectConfigurationPlatforms) = postSolution
		{6E3244F6-2FB7-4240-BAC0-55FA8E133059}.Debug|Any CPU.ActiveCfg = Debug|Any CPU
		{6E3244F6-2FB7-4240-BAC0-55FA8E133059}.Debug|Any CPU.Build.0 = Debug|Any CPU
		{6E3244F6-2FB7-4240-BAC0-55FA8E133059}.Release|Any CPU.ActiveCfg = Release|Any CPU
		{6E3244F6-2FB7-4240-BAC0-55FA8E133059}.Release|Any CPU.Build.0 = Release|Any CPU
	EndGlobalSection
	GlobalSection(SolutionProperties) = preSolution
		HideSolutionNode = FALSE
	EndGlobalSection
	GlobalSection(ExtensibilityGlobals) = postSolution
		SolutionGuid = {D967C563-D18D-45D9-9BD8-136747D0E029}
	EndGlobalSection
EndGlobal
